// !$*UTF8*$!
{
	archiveVersion = 1;
	classes = {
	};
	objectVersion = 46;
	objects = {

/* Begin PBXBuildFile section */
		886B17813956067BAF4141EC /* libPods.a in Frameworks */ = {isa = PBXBuildFile; fileRef = 8F9C2CDD8C95C4A0EE6F32B4 /* libPods.a */; };
		F0E2A16C1B74546400701482 /* main.m in Sources */ = {isa = PBXBuildFile; fileRef = F0E2A16B1B74546400701482 /* main.m */; };
		F0E2A16F1B74546400701482 /* AppDelegate.m in Sources */ = {isa = PBXBuildFile; fileRef = F0E2A16E1B74546400701482 /* AppDelegate.m */; };
		F0E2A1721B74546400701482 /* ViewController.m in Sources */ = {isa = PBXBuildFile; fileRef = F0E2A1711B74546400701482 /* ViewController.m */; };
		F0E2A1751B74546400701482 /* Main.storyboard in Resources */ = {isa = PBXBuildFile; fileRef = F0E2A1731B74546400701482 /* Main.storyboard */; };
		F0E2A1771B74546400701482 /* Images.xcassets in Resources */ = {isa = PBXBuildFile; fileRef = F0E2A1761B74546400701482 /* Images.xcassets */; };
		F0E2A17A1B74546400701482 /* LaunchScreen.xib in Resources */ = {isa = PBXBuildFile; fileRef = F0E2A1781B74546400701482 /* LaunchScreen.xib */; };
		F0E2A1861B74546400701482 /* ____NSOperationTests.m in Sources */ = {isa = PBXBuildFile; fileRef = F0E2A1851B74546400701482 /* ____NSOperationTests.m */; };
		F0E2A1981B78C91600701482 /* main.m in Sources */ = {isa = PBXBuildFile; fileRef = F0E2A1971B78C91600701482 /* main.m */; };
		F0E2A19B1B78C91600701482 /* AppDelegate.m in Sources */ = {isa = PBXBuildFile; fileRef = F0E2A19A1B78C91600701482 /* AppDelegate.m */; };
		F0E2A19E1B78C91600701482 /* ViewController.m in Sources */ = {isa = PBXBuildFile; fileRef = F0E2A19D1B78C91600701482 /* ViewController.m */; };
		F0E2A1A11B78C91600701482 /* Main.storyboard in Resources */ = {isa = PBXBuildFile; fileRef = F0E2A19F1B78C91600701482 /* Main.storyboard */; };
		F0E2A1A31B78C91600701482 /* Images.xcassets in Resources */ = {isa = PBXBuildFile; fileRef = F0E2A1A21B78C91600701482 /* Images.xcassets */; };
		F0E2A1A61B78C91600701482 /* LaunchScreen.xib in Resources */ = {isa = PBXBuildFile; fileRef = F0E2A1A41B78C91600701482 /* LaunchScreen.xib */; };
		F0E2A1B21B78C91600701482 /* _____NSOperationQueueTests.m in Sources */ = {isa = PBXBuildFile; fileRef = F0E2A1B11B78C91600701482 /* _____NSOperationQueueTests.m */; };
		F0E2A1BB1B78CA9B00701482 /* ZXOperation.m in Sources */ = {isa = PBXBuildFile; fileRef = F0E2A1BA1B78CA9B00701482 /* ZXOperation.m */; };
		F0E2A1C51B79230600701482 /* main.m in Sources */ = {isa = PBXBuildFile; fileRef = F0E2A1C41B79230600701482 /* main.m */; };
		F0E2A1C81B79230700701482 /* AppDelegate.m in Sources */ = {isa = PBXBuildFile; fileRef = F0E2A1C71B79230700701482 /* AppDelegate.m */; };
		F0E2A1CB1B79230700701482 /* ViewController.m in Sources */ = {isa = PBXBuildFile; fileRef = F0E2A1CA1B79230700701482 /* ViewController.m */; };
		F0E2A1CE1B79230700701482 /* Main.storyboard in Resources */ = {isa = PBXBuildFile; fileRef = F0E2A1CC1B79230700701482 /* Main.storyboard */; };
		F0E2A1D01B79230700701482 /* Images.xcassets in Resources */ = {isa = PBXBuildFile; fileRef = F0E2A1CF1B79230700701482 /* Images.xcassets */; };
		F0E2A1D31B79230700701482 /* LaunchScreen.xib in Resources */ = {isa = PBXBuildFile; fileRef = F0E2A1D11B79230700701482 /* LaunchScreen.xib */; };
		F0E2A1DF1B79230700701482 /* _____NSOperation_____Tests.m in Sources */ = {isa = PBXBuildFile; fileRef = F0E2A1DE1B79230700701482 /* _____NSOperation_____Tests.m */; };
		F0EE65C71B7D9E5600E1C452 /* Default-568h@2x.png in Resources */ = {isa = PBXBuildFile; fileRef = F0EE65C61B7D9E5600E1C452 /* Default-568h@2x.png */; };
/* End PBXBuildFile section */

/* Begin PBXContainerItemProxy section */
		F07FDFE11B7B5E3800D3D841 /* PBXContainerItemProxy */ = {
			isa = PBXContainerItemProxy;
			containerPortal = F0E2A15E1B74546400701482 /* Project object */;
			proxyType = 1;
			remoteGlobalIDString = F07FDFC71B7B5E3800D3D841;
			remoteInfo = "多线程--多图片下载";
		};
		F0E2A1801B74546400701482 /* PBXContainerItemProxy */ = {
			isa = PBXContainerItemProxy;
			containerPortal = F0E2A15E1B74546400701482 /* Project object */;
			proxyType = 1;
			remoteGlobalIDString = F0E2A1651B74546400701482;
			remoteInfo = "多线程-NSOperation";
		};
		F0E2A1AC1B78C91600701482 /* PBXContainerItemProxy */ = {
			isa = PBXContainerItemProxy;
			containerPortal = F0E2A15E1B74546400701482 /* Project object */;
			proxyType = 1;
			remoteGlobalIDString = F0E2A1921B78C91600701482;
			remoteInfo = "多线程--NSOperationQueue";
		};
		F0E2A1D91B79230700701482 /* PBXContainerItemProxy */ = {
			isa = PBXContainerItemProxy;
			containerPortal = F0E2A15E1B74546400701482 /* Project object */;
			proxyType = 1;
			remoteGlobalIDString = F0E2A1BF1B79230600701482;
			remoteInfo = "多线程--NSOperation线程间通信";
		};
/* End PBXContainerItemProxy section */

/* Begin PBXFileReference section */
		49D0AE0F93937EAAEA7E1787 /* Pods.debug.xcconfig */ = {isa = PBXFileReference; includeInIndex = 1; lastKnownFileType = text.xcconfig; name = Pods.debug.xcconfig; path = "Pods/Target Support Files/Pods/Pods.debug.xcconfig"; sourceTree = "<group>"; };
		79BAB41B86681213C685424D /* Pods.release.xcconfig */ = {isa = PBXFileReference; includeInIndex = 1; lastKnownFileType = text.xcconfig; name = Pods.release.xcconfig; path = "Pods/Target Support Files/Pods/Pods.release.xcconfig"; sourceTree = "<group>"; };
		8F9C2CDD8C95C4A0EE6F32B4 /* libPods.a */ = {isa = PBXFileReference; explicitFileType = archive.ar; includeInIndex = 0; path = libPods.a; sourceTree = BUILT_PRODUCTS_DIR; };
		F07FDFC81B7B5E3800D3D841 /* 多线程--多图片下载.app */ = {isa = PBXFileReference; explicitFileType = wrapper.application; includeInIndex = 0; path = "多线程--多图片下载.app"; sourceTree = BUILT_PRODUCTS_DIR; };
		F07FDFE01B7B5E3800D3D841 /* 多线程--多图片下载Tests.xctest */ = {isa = PBXFileReference; explicitFileType = wrapper.cfbundle; includeInIndex = 0; path = "多线程--多图片下载Tests.xctest"; sourceTree = BUILT_PRODUCTS_DIR; };
		F0E2A1661B74546400701482 /* 多线程-NSOperation.app */ = {isa = PBXFileReference; explicitFileType = wrapper.application; includeInIndex = 0; path = "多线程-NSOperation.app"; sourceTree = BUILT_PRODUCTS_DIR; };
		F0E2A16A1B74546400701482 /* Info.plist */ = {isa = PBXFileReference; lastKnownFileType = text.plist.xml; path = Info.plist; sourceTree = "<group>"; };
		F0E2A16B1B74546400701482 /* main.m */ = {isa = PBXFileReference; lastKnownFileType = sourcecode.c.objc; path = main.m; sourceTree = "<group>"; };
		F0E2A16D1B74546400701482 /* AppDelegate.h */ = {isa = PBXFileReference; lastKnownFileType = sourcecode.c.h; path = AppDelegate.h; sourceTree = "<group>"; };
		F0E2A16E1B74546400701482 /* AppDelegate.m */ = {isa = PBXFileReference; lastKnownFileType = sourcecode.c.objc; path = AppDelegate.m; sourceTree = "<group>"; };
		F0E2A1701B74546400701482 /* ViewController.h */ = {isa = PBXFileReference; lastKnownFileType = sourcecode.c.h; path = ViewController.h; sourceTree = "<group>"; };
		F0E2A1711B74546400701482 /* ViewController.m */ = {isa = PBXFileReference; lastKnownFileType = sourcecode.c.objc; path = ViewController.m; sourceTree = "<group>"; };
		F0E2A1741B74546400701482 /* Base */ = {isa = PBXFileReference; lastKnownFileType = file.storyboard; name = Base; path = Base.lproj/Main.storyboard; sourceTree = "<group>"; };
		F0E2A1761B74546400701482 /* Images.xcassets */ = {isa = PBXFileReference; lastKnownFileType = folder.assetcatalog; path = Images.xcassets; sourceTree = "<group>"; };
		F0E2A1791B74546400701482 /* Base */ = {isa = PBXFileReference; lastKnownFileType = file.xib; name = Base; path = Base.lproj/LaunchScreen.xib; sourceTree = "<group>"; };
		F0E2A17F1B74546400701482 /* 多线程-NSOperationTests.xctest */ = {isa = PBXFileReference; explicitFileType = wrapper.cfbundle; includeInIndex = 0; path = "多线程-NSOperationTests.xctest"; sourceTree = BUILT_PRODUCTS_DIR; };
		F0E2A1841B74546400701482 /* Info.plist */ = {isa = PBXFileReference; lastKnownFileType = text.plist.xml; path = Info.plist; sourceTree = "<group>"; };
		F0E2A1851B74546400701482 /* ____NSOperationTests.m */ = {isa = PBXFileReference; lastKnownFileType = sourcecode.c.objc; path = "____NSOperationTests.m"; sourceTree = "<group>"; };
		F0E2A1931B78C91600701482 /* 多线程--NSOperationQueue.app */ = {isa = PBXFileReference; explicitFileType = wrapper.application; includeInIndex = 0; path = "多线程--NSOperationQueue.app"; sourceTree = BUILT_PRODUCTS_DIR; };
		F0E2A1961B78C91600701482 /* Info.plist */ = {isa = PBXFileReference; lastKnownFileType = text.plist.xml; path = Info.plist; sourceTree = "<group>"; };
		F0E2A1971B78C91600701482 /* main.m */ = {isa = PBXFileReference; lastKnownFileType = sourcecode.c.objc; path = main.m; sourceTree = "<group>"; };
		F0E2A1991B78C91600701482 /* AppDelegate.h */ = {isa = PBXFileReference; lastKnownFileType = sourcecode.c.h; path = AppDelegate.h; sourceTree = "<group>"; };
		F0E2A19A1B78C91600701482 /* AppDelegate.m */ = {isa = PBXFileReference; lastKnownFileType = sourcecode.c.objc; path = AppDelegate.m; sourceTree = "<group>"; };
		F0E2A19C1B78C91600701482 /* ViewController.h */ = {isa = PBXFileReference; lastKnownFileType = sourcecode.c.h; path = ViewController.h; sourceTree = "<group>"; };
		F0E2A19D1B78C91600701482 /* ViewController.m */ = {isa = PBXFileReference; lastKnownFileType = sourcecode.c.objc; path = ViewController.m; sourceTree = "<group>"; };
		F0E2A1A01B78C91600701482 /* Base */ = {isa = PBXFileReference; lastKnownFileType = file.storyboard; name = Base; path = Base.lproj/Main.storyboard; sourceTree = "<group>"; };
		F0E2A1A21B78C91600701482 /* Images.xcassets */ = {isa = PBXFileReference; lastKnownFileType = folder.assetcatalog; path = Images.xcassets; sourceTree = "<group>"; };
		F0E2A1A51B78C91600701482 /* Base */ = {isa = PBXFileReference; lastKnownFileType = file.xib; name = Base; path = Base.lproj/LaunchScreen.xib; sourceTree = "<group>"; };
		F0E2A1AB1B78C91600701482 /* 多线程--NSOperationQueueTests.xctest */ = {isa = PBXFileReference; explicitFileType = wrapper.cfbundle; includeInIndex = 0; path = "多线程--NSOperationQueueTests.xctest"; sourceTree = BUILT_PRODUCTS_DIR; };
		F0E2A1B01B78C91600701482 /* Info.plist */ = {isa = PBXFileReference; lastKnownFileType = text.plist.xml; path = Info.plist; sourceTree = "<group>"; };
		F0E2A1B11B78C91600701482 /* _____NSOperationQueueTests.m */ = {isa = PBXFileReference; lastKnownFileType = sourcecode.c.objc; path = "_____NSOperationQueueTests.m"; sourceTree = "<group>"; };
		F0E2A1B91B78CA9B00701482 /* ZXOperation.h */ = {isa = PBXFileReference; fileEncoding = 4; lastKnownFileType = sourcecode.c.h; path = ZXOperation.h; sourceTree = "<group>"; };
		F0E2A1BA1B78CA9B00701482 /* ZXOperation.m */ = {isa = PBXFileReference; fileEncoding = 4; lastKnownFileType = sourcecode.c.objc; path = ZXOperation.m; sourceTree = "<group>"; };
		F0E2A1C01B79230600701482 /* 多线程--NSOperation线程间通信.app */ = {isa = PBXFileReference; explicitFileType = wrapper.application; includeInIndex = 0; path = "多线程--NSOperation线程间通信.app"; sourceTree = BUILT_PRODUCTS_DIR; };
		F0E2A1C31B79230600701482 /* Info.plist */ = {isa = PBXFileReference; lastKnownFileType = text.plist.xml; path = Info.plist; sourceTree = "<group>"; };
		F0E2A1C41B79230600701482 /* main.m */ = {isa = PBXFileReference; lastKnownFileType = sourcecode.c.objc; path = main.m; sourceTree = "<group>"; };
		F0E2A1C61B79230600701482 /* AppDelegate.h */ = {isa = PBXFileReference; lastKnownFileType = sourcecode.c.h; path = AppDelegate.h; sourceTree = "<group>"; };
		F0E2A1C71B79230700701482 /* AppDelegate.m */ = {isa = PBXFileReference; lastKnownFileType = sourcecode.c.objc; path = AppDelegate.m; sourceTree = "<group>"; };
		F0E2A1C91B79230700701482 /* ViewController.h */ = {isa = PBXFileReference; lastKnownFileType = sourcecode.c.h; path = ViewController.h; sourceTree = "<group>"; };
		F0E2A1CA1B79230700701482 /* ViewController.m */ = {isa = PBXFileReference; lastKnownFileType = sourcecode.c.objc; path = ViewController.m; sourceTree = "<group>"; };
		F0E2A1CD1B79230700701482 /* Base */ = {isa = PBXFileReference; lastKnownFileType = file.storyboard; name = Base; path = Base.lproj/Main.storyboard; sourceTree = "<group>"; };
		F0E2A1CF1B79230700701482 /* Images.xcassets */ = {isa = PBXFileReference; lastKnownFileType = folder.assetcatalog; path = Images.xcassets; sourceTree = "<group>"; };
		F0E2A1D21B79230700701482 /* Base */ = {isa = PBXFileReference; lastKnownFileType = file.xib; name = Base; path = Base.lproj/LaunchScreen.xib; sourceTree = "<group>"; };
		F0E2A1D81B79230700701482 /* 多线程--NSOperation线程间通信Tests.xctest */ = {isa = PBXFileReference; explicitFileType = wrapper.cfbundle; includeInIndex = 0; path = "多线程--NSOperation线程间通信Tests.xctest"; sourceTree = BUILT_PRODUCTS_DIR; };
		F0E2A1DD1B79230700701482 /* Info.plist */ = {isa = PBXFileReference; lastKnownFileType = text.plist.xml; path = Info.plist; sourceTree = "<group>"; };
		F0E2A1DE1B79230700701482 /* _____NSOperation_____Tests.m */ = {isa = PBXFileReference; lastKnownFileType = sourcecode.c.objc; path = "_____NSOperation_____Tests.m"; sourceTree = "<group>"; };
		F0EE65C61B7D9E5600E1C452 /* Default-568h@2x.png */ = {isa = PBXFileReference; lastKnownFileType = image.png; path = "Default-568h@2x.png"; sourceTree = "<group>"; };
/* End PBXFileReference section */

/* Begin PBXFrameworksBuildPhase section */
		F07FDFC51B7B5E3800D3D841 /* Frameworks */ = {
			isa = PBXFrameworksBuildPhase;
			buildActionMask = 2147483647;
			files = (
			);
			runOnlyForDeploymentPostprocessing = 0;
		};
		F07FDFDD1B7B5E3800D3D841 /* Frameworks */ = {
			isa = PBXFrameworksBuildPhase;
			buildActionMask = 2147483647;
			files = (
			);
			runOnlyForDeploymentPostprocessing = 0;
		};
		F0E2A1631B74546400701482 /* Frameworks */ = {
			isa = PBXFrameworksBuildPhase;
			buildActionMask = 2147483647;
			files = (
				886B17813956067BAF4141EC /* libPods.a in Frameworks */,
			);
			runOnlyForDeploymentPostprocessing = 0;
		};
		F0E2A17C1B74546400701482 /* Frameworks */ = {
			isa = PBXFrameworksBuildPhase;
			buildActionMask = 2147483647;
			files = (
			);
			runOnlyForDeploymentPostprocessing = 0;
		};
		F0E2A1901B78C91600701482 /* Frameworks */ = {
			isa = PBXFrameworksBuildPhase;
			buildActionMask = 2147483647;
			files = (
			);
			runOnlyForDeploymentPostprocessing = 0;
		};
		F0E2A1A81B78C91600701482 /* Frameworks */ = {
			isa = PBXFrameworksBuildPhase;
			buildActionMask = 2147483647;
			files = (
			);
			runOnlyForDeploymentPostprocessing = 0;
		};
		F0E2A1BD1B79230600701482 /* Frameworks */ = {
			isa = PBXFrameworksBuildPhase;
			buildActionMask = 2147483647;
			files = (
			);
			runOnlyForDeploymentPostprocessing = 0;
		};
		F0E2A1D51B79230700701482 /* Frameworks */ = {
			isa = PBXFrameworksBuildPhase;
			buildActionMask = 2147483647;
			files = (
			);
			runOnlyForDeploymentPostprocessing = 0;
		};
/* End PBXFrameworksBuildPhase section */

/* Begin PBXGroup section */
		3CF7914EBC72898279D61E1B /* Frameworks */ = {
			isa = PBXGroup;
			children = (
				8F9C2CDD8C95C4A0EE6F32B4 /* libPods.a */,
			);
			name = Frameworks;
			sourceTree = "<group>";
		};
		6E71FB8A8E571FC65E143385 /* Pods */ = {
			isa = PBXGroup;
			children = (
				49D0AE0F93937EAAEA7E1787 /* Pods.debug.xcconfig */,
				79BAB41B86681213C685424D /* Pods.release.xcconfig */,
			);
			name = Pods;
			sourceTree = "<group>";
		};
		F0E2A15D1B74546400701482 = {
			isa = PBXGroup;
			children = (
				F0EE65C61B7D9E5600E1C452 /* Default-568h@2x.png */,
				F0E2A1681B74546400701482 /* 多线程-NSOperation */,
				F0E2A1821B74546400701482 /* 多线程-NSOperationTests */,
				F0E2A1941B78C91600701482 /* 多线程--NSOperationQueue */,
				F0E2A1AE1B78C91600701482 /* 多线程--NSOperationQueueTests */,
				F0E2A1C11B79230600701482 /* 多线程--NSOperation线程间通信 */,
				F0E2A1DB1B79230700701482 /* 多线程--NSOperation线程间通信Tests */,
				F0E2A1671B74546400701482 /* Products */,
				6E71FB8A8E571FC65E143385 /* Pods */,
				3CF7914EBC72898279D61E1B /* Frameworks */,
			);
			sourceTree = "<group>";
		};
		F0E2A1671B74546400701482 /* Products */ = {
			isa = PBXGroup;
			children = (
				F0E2A1661B74546400701482 /* 多线程-NSOperation.app */,
				F0E2A17F1B74546400701482 /* 多线程-NSOperationTests.xctest */,
				F0E2A1931B78C91600701482 /* 多线程--NSOperationQueue.app */,
				F0E2A1AB1B78C91600701482 /* 多线程--NSOperationQueueTests.xctest */,
				F0E2A1C01B79230600701482 /* 多线程--NSOperation线程间通信.app */,
				F0E2A1D81B79230700701482 /* 多线程--NSOperation线程间通信Tests.xctest */,
				F07FDFC81B7B5E3800D3D841 /* 多线程--多图片下载.app */,
				F07FDFE01B7B5E3800D3D841 /* 多线程--多图片下载Tests.xctest */,
			);
			name = Products;
			sourceTree = "<group>";
		};
		F0E2A1681B74546400701482 /* 多线程-NSOperation */ = {
			isa = PBXGroup;
			children = (
				F0E2A16D1B74546400701482 /* AppDelegate.h */,
				F0E2A16E1B74546400701482 /* AppDelegate.m */,
				F0E2A1701B74546400701482 /* ViewController.h */,
				F0E2A1711B74546400701482 /* ViewController.m */,
				F0E2A1731B74546400701482 /* Main.storyboard */,
				F0E2A1761B74546400701482 /* Images.xcassets */,
				F0E2A1781B74546400701482 /* LaunchScreen.xib */,
				F0E2A1691B74546400701482 /* Supporting Files */,
			);
			path = "多线程-NSOperation";
			sourceTree = "<group>";
		};
		F0E2A1691B74546400701482 /* Supporting Files */ = {
			isa = PBXGroup;
			children = (
				F0E2A16A1B74546400701482 /* Info.plist */,
				F0E2A16B1B74546400701482 /* main.m */,
			);
			name = "Supporting Files";
			sourceTree = "<group>";
		};
		F0E2A1821B74546400701482 /* 多线程-NSOperationTests */ = {
			isa = PBXGroup;
			children = (
				F0E2A1851B74546400701482 /* ____NSOperationTests.m */,
				F0E2A1831B74546400701482 /* Supporting Files */,
			);
			path = "多线程-NSOperationTests";
			sourceTree = "<group>";
		};
		F0E2A1831B74546400701482 /* Supporting Files */ = {
			isa = PBXGroup;
			children = (
				F0E2A1841B74546400701482 /* Info.plist */,
			);
			name = "Supporting Files";
			sourceTree = "<group>";
		};
		F0E2A1941B78C91600701482 /* 多线程--NSOperationQueue */ = {
			isa = PBXGroup;
			children = (
				F0E2A1991B78C91600701482 /* AppDelegate.h */,
				F0E2A19A1B78C91600701482 /* AppDelegate.m */,
				F0E2A19C1B78C91600701482 /* ViewController.h */,
				F0E2A19D1B78C91600701482 /* ViewController.m */,
				F0E2A1B91B78CA9B00701482 /* ZXOperation.h */,
				F0E2A1BA1B78CA9B00701482 /* ZXOperation.m */,
				F0E2A19F1B78C91600701482 /* Main.storyboard */,
				F0E2A1A21B78C91600701482 /* Images.xcassets */,
				F0E2A1A41B78C91600701482 /* LaunchScreen.xib */,
				F0E2A1951B78C91600701482 /* Supporting Files */,
			);
			path = "多线程--NSOperationQueue";
			sourceTree = "<group>";
		};
		F0E2A1951B78C91600701482 /* Supporting Files */ = {
			isa = PBXGroup;
			children = (
				F0E2A1961B78C91600701482 /* Info.plist */,
				F0E2A1971B78C91600701482 /* main.m */,
			);
			name = "Supporting Files";
			sourceTree = "<group>";
		};
		F0E2A1AE1B78C91600701482 /* 多线程--NSOperationQueueTests */ = {
			isa = PBXGroup;
			children = (
				F0E2A1B11B78C91600701482 /* _____NSOperationQueueTests.m */,
				F0E2A1AF1B78C91600701482 /* Supporting Files */,
			);
			path = "多线程--NSOperationQueueTests";
			sourceTree = "<group>";
		};
		F0E2A1AF1B78C91600701482 /* Supporting Files */ = {
			isa = PBXGroup;
			children = (
				F0E2A1B01B78C91600701482 /* Info.plist */,
			);
			name = "Supporting Files";
			sourceTree = "<group>";
		};
		F0E2A1C11B79230600701482 /* 多线程--NSOperation线程间通信 */ = {
			isa = PBXGroup;
			children = (
				F0E2A1C61B79230600701482 /* AppDelegate.h */,
				F0E2A1C71B79230700701482 /* AppDelegate.m */,
				F0E2A1C91B79230700701482 /* ViewController.h */,
				F0E2A1CA1B79230700701482 /* ViewController.m */,
				F0E2A1CC1B79230700701482 /* Main.storyboard */,
				F0E2A1CF1B79230700701482 /* Images.xcassets */,
				F0E2A1D11B79230700701482 /* LaunchScreen.xib */,
				F0E2A1C21B79230600701482 /* Supporting Files */,
			);
			path = "多线程--NSOperation线程间通信";
			sourceTree = "<group>";
		};
		F0E2A1C21B79230600701482 /* Supporting Files */ = {
			isa = PBXGroup;
			children = (
				F0E2A1C31B79230600701482 /* Info.plist */,
				F0E2A1C41B79230600701482 /* main.m */,
			);
			name = "Supporting Files";
			sourceTree = "<group>";
		};
		F0E2A1DB1B79230700701482 /* 多线程--NSOperation线程间通信Tests */ = {
			isa = PBXGroup;
			children = (
				F0E2A1DE1B79230700701482 /* _____NSOperation_____Tests.m */,
				F0E2A1DC1B79230700701482 /* Supporting Files */,
			);
			path = "多线程--NSOperation线程间通信Tests";
			sourceTree = "<group>";
		};
		F0E2A1DC1B79230700701482 /* Supporting Files */ = {
			isa = PBXGroup;
			children = (
				F0E2A1DD1B79230700701482 /* Info.plist */,
			);
			name = "Supporting Files";
			sourceTree = "<group>";
		};
/* End PBXGroup section */

/* Begin PBXNativeTarget section */
		F07FDFC71B7B5E3800D3D841 /* 多线程--多图片下载 */ = {
			isa = PBXNativeTarget;
			buildConfigurationList = F07FDFEC1B7B5E3800D3D841 /* Build configuration list for PBXNativeTarget "多线程--多图片下载" */;
			buildPhases = (
				F07FDFC41B7B5E3800D3D841 /* Sources */,
				F07FDFC51B7B5E3800D3D841 /* Frameworks */,
				F07FDFC61B7B5E3800D3D841 /* Resources */,
			);
			buildRules = (
			);
			dependencies = (
			);
			name = "多线程--多图片下载";
			productName = "多线程--多图片下载";
			productReference = F07FDFC81B7B5E3800D3D841 /* 多线程--多图片下载.app */;
			productType = "com.apple.product-type.application";
		};
		F07FDFDF1B7B5E3800D3D841 /* 多线程--多图片下载Tests */ = {
			isa = PBXNativeTarget;
			buildConfigurationList = F07FDFED1B7B5E3800D3D841 /* Build configuration list for PBXNativeTarget "多线程--多图片下载Tests" */;
			buildPhases = (
				F07FDFDC1B7B5E3800D3D841 /* Sources */,
				F07FDFDD1B7B5E3800D3D841 /* Frameworks */,
				F07FDFDE1B7B5E3800D3D841 /* Resources */,
			);
			buildRules = (
			);
			dependencies = (
				F07FDFE21B7B5E3800D3D841 /* PBXTargetDependency */,
			);
			name = "多线程--多图片下载Tests";
			productName = "多线程--多图片下载Tests";
			productReference = F07FDFE01B7B5E3800D3D841 /* 多线程--多图片下载Tests.xctest */;
			productType = "com.apple.product-type.bundle.unit-test";
		};
		F0E2A1651B74546400701482 /* 多线程-NSOperation */ = {
			isa = PBXNativeTarget;
			buildConfigurationList = F0E2A1891B74546400701482 /* Build configuration list for PBXNativeTarget "多线程-NSOperation" */;
			buildPhases = (
				46EC13C1F724AE7D7E69EBFB /* Check Pods Manifest.lock */,
				F0E2A1621B74546400701482 /* Sources */,
				F0E2A1631B74546400701482 /* Frameworks */,
				F0E2A1641B74546400701482 /* Resources */,
				CC53ABD32063D36D9853CF9F /* Copy Pods Resources */,
			);
			buildRules = (
			);
			dependencies = (
			);
			name = "多线程-NSOperation";
			productName = "多线程-NSOperation";
			productReference = F0E2A1661B74546400701482 /* 多线程-NSOperation.app */;
			productType = "com.apple.product-type.application";
		};
		F0E2A17E1B74546400701482 /* 多线程-NSOperationTests */ = {
			isa = PBXNativeTarget;
			buildConfigurationList = F0E2A18C1B74546400701482 /* Build configuration list for PBXNativeTarget "多线程-NSOperationTests" */;
			buildPhases = (
				F0E2A17B1B74546400701482 /* Sources */,
				F0E2A17C1B74546400701482 /* Frameworks */,
				F0E2A17D1B74546400701482 /* Resources */,
			);
			buildRules = (
			);
			dependencies = (
				F0E2A1811B74546400701482 /* PBXTargetDependency */,
			);
			name = "多线程-NSOperationTests";
			productName = "多线程-NSOperationTests";
			productReference = F0E2A17F1B74546400701482 /* 多线程-NSOperationTests.xctest */;
			productType = "com.apple.product-type.bundle.unit-test";
		};
		F0E2A1921B78C91600701482 /* 多线程--NSOperationQueue */ = {
			isa = PBXNativeTarget;
			buildConfigurationList = F0E2A1B71B78C91600701482 /* Build configuration list for PBXNativeTarget "多线程--NSOperationQueue" */;
			buildPhases = (
				F0E2A18F1B78C91600701482 /* Sources */,
				F0E2A1901B78C91600701482 /* Frameworks */,
				F0E2A1911B78C91600701482 /* Resources */,
			);
			buildRules = (
			);
			dependencies = (
			);
			name = "多线程--NSOperationQueue";
			productName = "多线程--NSOperationQueue";
			productReference = F0E2A1931B78C91600701482 /* 多线程--NSOperationQueue.app */;
			productType = "com.apple.product-type.application";
		};
		F0E2A1AA1B78C91600701482 /* 多线程--NSOperationQueueTests */ = {
			isa = PBXNativeTarget;
			buildConfigurationList = F0E2A1B81B78C91600701482 /* Build configuration list for PBXNativeTarget "多线程--NSOperationQueueTests" */;
			buildPhases = (
				F0E2A1A71B78C91600701482 /* Sources */,
				F0E2A1A81B78C91600701482 /* Frameworks */,
				F0E2A1A91B78C91600701482 /* Resources */,
			);
			buildRules = (
			);
			dependencies = (
				F0E2A1AD1B78C91600701482 /* PBXTargetDependency */,
			);
			name = "多线程--NSOperationQueueTests";
			productName = "多线程--NSOperationQueueTests";
			productReference = F0E2A1AB1B78C91600701482 /* 多线程--NSOperationQueueTests.xctest */;
			productType = "com.apple.product-type.bundle.unit-test";
		};
		F0E2A1BF1B79230600701482 /* 多线程--NSOperation线程间通信 */ = {
			isa = PBXNativeTarget;
			buildConfigurationList = F0E2A1E01B79230700701482 /* Build configuration list for PBXNativeTarget "多线程--NSOperation线程间通信" */;
			buildPhases = (
				F0E2A1BC1B79230600701482 /* Sources */,
				F0E2A1BD1B79230600701482 /* Frameworks */,
				F0E2A1BE1B79230600701482 /* Resources */,
			);
			buildRules = (
			);
			dependencies = (
			);
			name = "多线程--NSOperation线程间通信";
			productName = "多线程--NSOperation线程间通信";
			productReference = F0E2A1C01B79230600701482 /* 多线程--NSOperation线程间通信.app */;
			productType = "com.apple.product-type.application";
		};
		F0E2A1D71B79230700701482 /* 多线程--NSOperation线程间通信Tests */ = {
			isa = PBXNativeTarget;
			buildConfigurationList = F0E2A1E31B79230700701482 /* Build configuration list for PBXNativeTarget "多线程--NSOperation线程间通信Tests" */;
			buildPhases = (
				F0E2A1D41B79230700701482 /* Sources */,
				F0E2A1D51B79230700701482 /* Frameworks */,
				F0E2A1D61B79230700701482 /* Resources */,
			);
			buildRules = (
			);
			dependencies = (
				F0E2A1DA1B79230700701482 /* PBXTargetDependency */,
			);
			name = "多线程--NSOperation线程间通信Tests";
			productName = "多线程--NSOperation线程间通信Tests";
			productReference = F0E2A1D81B79230700701482 /* 多线程--NSOperation线程间通信Tests.xctest */;
			productType = "com.apple.product-type.bundle.unit-test";
		};
/* End PBXNativeTarget section */

/* Begin PBXProject section */
		F0E2A15E1B74546400701482 /* Project object */ = {
			isa = PBXProject;
			attributes = {
				LastUpgradeCheck = 0640;
				ORGANIZATIONNAME = "周想";
				TargetAttributes = {
					F07FDFC71B7B5E3800D3D841 = {
						CreatedOnToolsVersion = 6.4;
					};
					F07FDFDF1B7B5E3800D3D841 = {
						CreatedOnToolsVersion = 6.4;
						TestTargetID = F07FDFC71B7B5E3800D3D841;
					};
					F0E2A1651B74546400701482 = {
						CreatedOnToolsVersion = 6.4;
					};
					F0E2A17E1B74546400701482 = {
						CreatedOnToolsVersion = 6.4;
						TestTargetID = F0E2A1651B74546400701482;
					};
					F0E2A1921B78C91600701482 = {
						CreatedOnToolsVersion = 6.4;
					};
					F0E2A1AA1B78C91600701482 = {
						CreatedOnToolsVersion = 6.4;
						TestTargetID = F0E2A1921B78C91600701482;
					};
					F0E2A1BF1B79230600701482 = {
						CreatedOnToolsVersion = 6.4;
					};
					F0E2A1D71B79230700701482 = {
						CreatedOnToolsVersion = 6.4;
						TestTargetID = F0E2A1BF1B79230600701482;
					};
				};
			};
			buildConfigurationList = F0E2A1611B74546400701482 /* Build configuration list for PBXProject "多线程-NSOperation" */;
			compatibilityVersion = "Xcode 3.2";
			developmentRegion = English;
			hasScannedForEncodings = 0;
			knownRegions = (
				en,
				Base,
			);
			mainGroup = F0E2A15D1B74546400701482;
			productRefGroup = F0E2A1671B74546400701482 /* Products */;
			projectDirPath = "";
			projectRoot = "";
			targets = (
				F0E2A1651B74546400701482 /* 多线程-NSOperation */,
				F0E2A17E1B74546400701482 /* 多线程-NSOperationTests */,
				F0E2A1921B78C91600701482 /* 多线程--NSOperationQueue */,
				F0E2A1AA1B78C91600701482 /* 多线程--NSOperationQueueTests */,
				F0E2A1BF1B79230600701482 /* 多线程--NSOperation线程间通信 */,
				F0E2A1D71B79230700701482 /* 多线程--NSOperation线程间通信Tests */,
				F07FDFC71B7B5E3800D3D841 /* 多线程--多图片下载 */,
				F07FDFDF1B7B5E3800D3D841 /* 多线程--多图片下载Tests */,
			);
		};
/* End PBXProject section */

/* Begin PBXResourcesBuildPhase section */
		F07FDFC61B7B5E3800D3D841 /* Resources */ = {
			isa = PBXResourcesBuildPhase;
			buildActionMask = 2147483647;
			files = (
				F0EE65C71B7D9E5600E1C452 /* Default-568h@2x.png in Resources */,
			);
			runOnlyForDeploymentPostprocessing = 0;
		};
		F07FDFDE1B7B5E3800D3D841 /* Resources */ = {
			isa = PBXResourcesBuildPhase;
			buildActionMask = 2147483647;
			files = (
			);
			runOnlyForDeploymentPostprocessing = 0;
		};
		F0E2A1641B74546400701482 /* Resources */ = {
			isa = PBXResourcesBuildPhase;
			buildActionMask = 2147483647;
			files = (
				F0E2A1751B74546400701482 /* Main.storyboard in Resources */,
				F0E2A17A1B74546400701482 /* LaunchScreen.xib in Resources */,
				F0E2A1771B74546400701482 /* Images.xcassets in Resources */,
			);
			runOnlyForDeploymentPostprocessing = 0;
		};
		F0E2A17D1B74546400701482 /* Resources */ = {
			isa = PBXResourcesBuildPhase;
			buildActionMask = 2147483647;
			files = (
			);
			runOnlyForDeploymentPostprocessing = 0;
		};
		F0E2A1911B78C91600701482 /* Resources */ = {
			isa = PBXResourcesBuildPhase;
			buildActionMask = 2147483647;
			files = (
				F0E2A1A11B78C91600701482 /* Main.storyboard in Resources */,
				F0E2A1A61B78C91600701482 /* LaunchScreen.xib in Resources */,
				F0E2A1A31B78C91600701482 /* Images.xcassets in Resources */,
			);
			runOnlyForDeploymentPostprocessing = 0;
		};
		F0E2A1A91B78C91600701482 /* Resources */ = {
			isa = PBXResourcesBuildPhase;
			buildActionMask = 2147483647;
			files = (
			);
			runOnlyForDeploymentPostprocessing = 0;
		};
		F0E2A1BE1B79230600701482 /* Resources */ = {
			isa = PBXResourcesBuildPhase;
			buildActionMask = 2147483647;
			files = (
				F0E2A1CE1B79230700701482 /* Main.storyboard in Resources */,
				F0E2A1D31B79230700701482 /* LaunchScreen.xib in Resources */,
				F0E2A1D01B79230700701482 /* Images.xcassets in Resources */,
			);
			runOnlyForDeploymentPostprocessing = 0;
		};
		F0E2A1D61B79230700701482 /* Resources */ = {
			isa = PBXResourcesBuildPhase;
			buildActionMask = 2147483647;
			files = (
			);
			runOnlyForDeploymentPostprocessing = 0;
		};
/* End PBXResourcesBuildPhase section */

/* Begin PBXShellScriptBuildPhase section */
		46EC13C1F724AE7D7E69EBFB /* Check Pods Manifest.lock */ = {
			isa = PBXShellScriptBuildPhase;
			buildActionMask = 2147483647;
			files = (
			);
			inputPaths = (
			);
			name = "Check Pods Manifest.lock";
			outputPaths = (
			);
			runOnlyForDeploymentPostprocessing = 0;
			shellPath = /bin/sh;
			shellScript = "diff \"${PODS_ROOT}/../Podfile.lock\" \"${PODS_ROOT}/Manifest.lock\" > /dev/null\nif [[ $? != 0 ]] ; then\n    cat << EOM\nerror: The sandbox is not in sync with the Podfile.lock. Run 'pod install' or update your CocoaPods installation.\nEOM\n    exit 1\nfi\n";
			showEnvVarsInLog = 0;
		};
		CC53ABD32063D36D9853CF9F /* Copy Pods Resources */ = {
			isa = PBXShellScriptBuildPhase;
			buildActionMask = 2147483647;
			files = (
			);
			inputPaths = (
			);
			name = "Copy Pods Resources";
			outputPaths = (
			);
			runOnlyForDeploymentPostprocessing = 0;
			shellPath = /bin/sh;
			shellScript = "\"${SRCROOT}/Pods/Target Support Files/Pods/Pods-resources.sh\"\n";
			showEnvVarsInLog = 0;
		};
/* End PBXShellScriptBuildPhase section */

/* Begin PBXSourcesBuildPhase section */
		F07FDFC41B7B5E3800D3D841 /* Sources */ = {
			isa = PBXSourcesBuildPhase;
			buildActionMask = 2147483647;
			files = (
			);
			runOnlyForDeploymentPostprocessing = 0;
		};
		F07FDFDC1B7B5E3800D3D841 /* Sources */ = {
			isa = PBXSourcesBuildPhase;
			buildActionMask = 2147483647;
			files = (
			);
			runOnlyForDeploymentPostprocessing = 0;
		};
		F0E2A1621B74546400701482 /* Sources */ = {
			isa = PBXSourcesBuildPhase;
			buildActionMask = 2147483647;
			files = (
				F0E2A1721B74546400701482 /* ViewController.m in Sources */,
				F0E2A16F1B74546400701482 /* AppDelegate.m in Sources */,
				F0E2A16C1B74546400701482 /* main.m in Sources */,
			);
			runOnlyForDeploymentPostprocessing = 0;
		};
		F0E2A17B1B74546400701482 /* Sources */ = {
			isa = PBXSourcesBuildPhase;
			buildActionMask = 2147483647;
			files = (
				F0E2A1861B74546400701482 /* ____NSOperationTests.m in Sources */,
			);
			runOnlyForDeploymentPostprocessing = 0;
		};
		F0E2A18F1B78C91600701482 /* Sources */ = {
			isa = PBXSourcesBuildPhase;
			buildActionMask = 2147483647;
			files = (
				F0E2A19E1B78C91600701482 /* ViewController.m in Sources */,
				F0E2A19B1B78C91600701482 /* AppDelegate.m in Sources */,
				F0E2A1981B78C91600701482 /* main.m in Sources */,
				F0E2A1BB1B78CA9B00701482 /* ZXOperation.m in Sources */,
			);
			runOnlyForDeploymentPostprocessing = 0;
		};
		F0E2A1A71B78C91600701482 /* Sources */ = {
			isa = PBXSourcesBuildPhase;
			buildActionMask = 2147483647;
			files = (
				F0E2A1B21B78C91600701482 /* _____NSOperationQueueTests.m in Sources */,
			);
			runOnlyForDeploymentPostprocessing = 0;
		};
		F0E2A1BC1B79230600701482 /* Sources */ = {
			isa = PBXSourcesBuildPhase;
			buildActionMask = 2147483647;
			files = (
				F0E2A1CB1B79230700701482 /* ViewController.m in Sources */,
				F0E2A1C81B79230700701482 /* AppDelegate.m in Sources */,
				F0E2A1C51B79230600701482 /* main.m in Sources */,
			);
			runOnlyForDeploymentPostprocessing = 0;
		};
		F0E2A1D41B79230700701482 /* Sources */ = {
			isa = PBXSourcesBuildPhase;
			buildActionMask = 2147483647;
			files = (
				F0E2A1DF1B79230700701482 /* _____NSOperation_____Tests.m in Sources */,
			);
			runOnlyForDeploymentPostprocessing = 0;
		};
/* End PBXSourcesBuildPhase section */

/* Begin PBXTargetDependency section */
		F07FDFE21B7B5E3800D3D841 /* PBXTargetDependency */ = {
			isa = PBXTargetDependency;
			target = F07FDFC71B7B5E3800D3D841 /* 多线程--多图片下载 */;
			targetProxy = F07FDFE11B7B5E3800D3D841 /* PBXContainerItemProxy */;
		};
		F0E2A1811B74546400701482 /* PBXTargetDependency */ = {
			isa = PBXTargetDependency;
			target = F0E2A1651B74546400701482 /* 多线程-NSOperation */;
			targetProxy = F0E2A1801B74546400701482 /* PBXContainerItemProxy */;
		};
		F0E2A1AD1B78C91600701482 /* PBXTargetDependency */ = {
			isa = PBXTargetDependency;
			target = F0E2A1921B78C91600701482 /* 多线程--NSOperationQueue */;
			targetProxy = F0E2A1AC1B78C91600701482 /* PBXContainerItemProxy */;
		};
		F0E2A1DA1B79230700701482 /* PBXTargetDependency */ = {
			isa = PBXTargetDependency;
			target = F0E2A1BF1B79230600701482 /* 多线程--NSOperation线程间通信 */;
			targetProxy = F0E2A1D91B79230700701482 /* PBXContainerItemProxy */;
		};
/* End PBXTargetDependency section */

/* Begin PBXVariantGroup section */
		F0E2A1731B74546400701482 /* Main.storyboard */ = {
			isa = PBXVariantGroup;
			children = (
				F0E2A1741B74546400701482 /* Base */,
			);
			name = Main.storyboard;
			sourceTree = "<group>";
		};
		F0E2A1781B74546400701482 /* LaunchScreen.xib */ = {
			isa = PBXVariantGroup;
			children = (
				F0E2A1791B74546400701482 /* Base */,
			);
			name = LaunchScreen.xib;
			sourceTree = "<group>";
		};
		F0E2A19F1B78C91600701482 /* Main.storyboard */ = {
			isa = PBXVariantGroup;
			children = (
				F0E2A1A01B78C91600701482 /* Base */,
			);
			name = Main.storyboard;
			sourceTree = "<group>";
		};
		F0E2A1A41B78C91600701482 /* LaunchScreen.xib */ = {
			isa = PBXVariantGroup;
			children = (
				F0E2A1A51B78C91600701482 /* Base */,
			);
			name = LaunchScreen.xib;
			sourceTree = "<group>";
		};
		F0E2A1CC1B79230700701482 /* Main.storyboard */ = {
			isa = PBXVariantGroup;
			children = (
				F0E2A1CD1B79230700701482 /* Base */,
			);
			name = Main.storyboard;
			sourceTree = "<group>";
		};
		F0E2A1D11B79230700701482 /* LaunchScreen.xib */ = {
			isa = PBXVariantGroup;
			children = (
				F0E2A1D21B79230700701482 /* Base */,
			);
			name = LaunchScreen.xib;
			sourceTree = "<group>";
		};
/* End PBXVariantGroup section */

/* Begin XCBuildConfiguration section */
		F07FDFE81B7B5E3800D3D841 /* Debug */ = {
			isa = XCBuildConfiguration;
			buildSettings = {
				ASSETCATALOG_COMPILER_APPICON_NAME = AppIcon;
				GCC_PREPROCESSOR_DEFINITIONS = (
					"DEBUG=1",
					"$(inherited)",
				);
				INFOPLIST_FILE = "多线程--多图片下载/Info.plist";
				LD_RUNPATH_SEARCH_PATHS = "$(inherited) @executable_path/Frameworks";
				PRODUCT_NAME = "$(TARGET_NAME)";
			};
			name = Debug;
		};
		F07FDFE91B7B5E3800D3D841 /* Release */ = {
			isa = XCBuildConfiguration;
			buildSettings = {
				ASSETCATALOG_COMPILER_APPICON_NAME = AppIcon;
				INFOPLIST_FILE = "多线程--多图片下载/Info.plist";
				LD_RUNPATH_SEARCH_PATHS = "$(inherited) @executable_path/Frameworks";
				PRODUCT_NAME = "$(TARGET_NAME)";
			};
			name = Release;
		};
		F07FDFEA1B7B5E3800D3D841 /* Debug */ = {
			isa = XCBuildConfiguration;
			buildSettings = {
				BUNDLE_LOADER = "$(TEST_HOST)";
				FRAMEWORK_SEARCH_PATHS = (
					"$(SDKROOT)/Developer/Library/Frameworks",
					"$(inherited)",
				);
				GCC_PREPROCESSOR_DEFINITIONS = (
					"DEBUG=1",
					"$(inherited)",
				);
				INFOPLIST_FILE = "多线程--多图片下载Tests/Info.plist";
				LD_RUNPATH_SEARCH_PATHS = "$(inherited) @executable_path/Frameworks @loader_path/Frameworks";
				PRODUCT_NAME = "$(TARGET_NAME)";
				TEST_HOST = "$(BUILT_PRODUCTS_DIR)/多线程--多图片下载.app/多线程--多图片下载";
			};
			name = Debug;
		};
		F07FDFEB1B7B5E3800D3D841 /* Release */ = {
			isa = XCBuildConfiguration;
			buildSettings = {
				BUNDLE_LOADER = "$(TEST_HOST)";
				FRAMEWORK_SEARCH_PATHS = (
					"$(SDKROOT)/Developer/Library/Frameworks",
					"$(inherited)",
				);
				INFOPLIST_FILE = "多线程--多图片下载Tests/Info.plist";
				LD_RUNPATH_SEARCH_PATHS = "$(inherited) @executable_path/Frameworks @loader_path/Frameworks";
				PRODUCT_NAME = "$(TARGET_NAME)";
				TEST_HOST = "$(BUILT_PRODUCTS_DIR)/多线程--多图片下载.app/多线程--多图片下载";
			};
			name = Release;
		};
		F0E2A1871B74546400701482 /* Debug */ = {
			isa = XCBuildConfiguration;
			buildSettings = {
				ALWAYS_SEARCH_USER_PATHS = NO;
				CLANG_CXX_LANGUAGE_STANDARD = "gnu++0x";
				CLANG_CXX_LIBRARY = "libc++";
				CLANG_ENABLE_MODULES = YES;
				CLANG_ENABLE_OBJC_ARC = YES;
				CLANG_WARN_BOOL_CONVERSION = YES;
				CLANG_WARN_CONSTANT_CONVERSION = YES;
				CLANG_WARN_DIRECT_OBJC_ISA_USAGE = YES_ERROR;
				CLANG_WARN_EMPTY_BODY = YES;
				CLANG_WARN_ENUM_CONVERSION = YES;
				CLANG_WARN_INT_CONVERSION = YES;
				CLANG_WARN_OBJC_ROOT_CLASS = YES_ERROR;
				CLANG_WARN_UNREACHABLE_CODE = YES;
				CLANG_WARN__DUPLICATE_METHOD_MATCH = YES;
				"CODE_SIGN_IDENTITY[sdk=iphoneos*]" = "iPhone Developer";
				COPY_PHASE_STRIP = NO;
				DEBUG_INFORMATION_FORMAT = "dwarf-with-dsym";
				ENABLE_STRICT_OBJC_MSGSEND = YES;
				GCC_C_LANGUAGE_STANDARD = gnu99;
				GCC_DYNAMIC_NO_PIC = NO;
				GCC_NO_COMMON_BLOCKS = YES;
				GCC_OPTIMIZATION_LEVEL = 0;
				GCC_PREPROCESSOR_DEFINITIONS = (
					"DEBUG=1",
					"$(inherited)",
				);
				GCC_SYMBOLS_PRIVATE_EXTERN = NO;
				GCC_WARN_64_TO_32_BIT_CONVERSION = YES;
				GCC_WARN_ABOUT_RETURN_TYPE = YES_ERROR;
				GCC_WARN_UNDECLARED_SELECTOR = YES;
				GCC_WARN_UNINITIALIZED_AUTOS = YES_AGGRESSIVE;
				GCC_WARN_UNUSED_FUNCTION = YES;
				GCC_WARN_UNUSED_VARIABLE = YES;
				IPHONEOS_DEPLOYMENT_TARGET = 8.4;
				MTL_ENABLE_DEBUG_INFO = YES;
				ONLY_ACTIVE_ARCH = YES;
				SDKROOT = iphoneos;
			};
			name = Debug;
		};
		F0E2A1881B74546400701482 /* Release */ = {
			isa = XCBuildConfiguration;
			buildSettings = {
				ALWAYS_SEARCH_USER_PATHS = NO;
				CLANG_CXX_LANGUAGE_STANDARD = "gnu++0x";
				CLANG_CXX_LIBRARY = "libc++";
				CLANG_ENABLE_MODULES = YES;
				CLANG_ENABLE_OBJC_ARC = YES;
				CLANG_WARN_BOOL_CONVERSION = YES;
				CLANG_WARN_CONSTANT_CONVERSION = YES;
				CLANG_WARN_DIRECT_OBJC_ISA_USAGE = YES_ERROR;
				CLANG_WARN_EMPTY_BODY = YES;
				CLANG_WARN_ENUM_CONVERSION = YES;
				CLANG_WARN_INT_CONVERSION = YES;
				CLANG_WARN_OBJC_ROOT_CLASS = YES_ERROR;
				CLANG_WARN_UNREACHABLE_CODE = YES;
				CLANG_WARN__DUPLICATE_METHOD_MATCH = YES;
				"CODE_SIGN_IDENTITY[sdk=iphoneos*]" = "iPhone Developer";
				COPY_PHASE_STRIP = NO;
				DEBUG_INFORMATION_FORMAT = "dwarf-with-dsym";
				ENABLE_NS_ASSERTIONS = NO;
				ENABLE_STRICT_OBJC_MSGSEND = YES;
				GCC_C_LANGUAGE_STANDARD = gnu99;
				GCC_NO_COMMON_BLOCKS = YES;
				GCC_WARN_64_TO_32_BIT_CONVERSION = YES;
				GCC_WARN_ABOUT_RETURN_TYPE = YES_ERROR;
				GCC_WARN_UNDECLARED_SELECTOR = YES;
				GCC_WARN_UNINITIALIZED_AUTOS = YES_AGGRESSIVE;
				GCC_WARN_UNUSED_FUNCTION = YES;
				GCC_WARN_UNUSED_VARIABLE = YES;
				IPHONEOS_DEPLOYMENT_TARGET = 8.4;
				MTL_ENABLE_DEBUG_INFO = NO;
				SDKROOT = iphoneos;
				VALIDATE_PRODUCT = YES;
			};
			name = Release;
		};
		F0E2A18A1B74546400701482 /* Debug */ = {
			isa = XCBuildConfiguration;
			baseConfigurationReference = 49D0AE0F93937EAAEA7E1787 /* Pods.debug.xcconfig */;
			buildSettings = {
				ASSETCATALOG_COMPILER_APPICON_NAME = AppIcon;
				INFOPLIST_FILE = "多线程-NSOperation/Info.plist";
				LD_RUNPATH_SEARCH_PATHS = "$(inherited) @executable_path/Frameworks";
				PRODUCT_NAME = "$(TARGET_NAME)";
			};
			name = Debug;
		};
		F0E2A18B1B74546400701482 /* Release */ = {
			isa = XCBuildConfiguration;
			baseConfigurationReference = 79BAB41B86681213C685424D /* Pods.release.xcconfig */;
			buildSettings = {
				ASSETCATALOG_COMPILER_APPICON_NAME = AppIcon;
				INFOPLIST_FILE = "多线程-NSOperation/Info.plist";
				LD_RUNPATH_SEARCH_PATHS = "$(inherited) @executable_path/Frameworks";
				PRODUCT_NAME = "$(TARGET_NAME)";
			};
			name = Release;
		};
		F0E2A18D1B74546400701482 /* Debug */ = {
			isa = XCBuildConfiguration;
			buildSettings = {
				BUNDLE_LOADER = "$(TEST_HOST)";
				FRAMEWORK_SEARCH_PATHS = (
					"$(SDKROOT)/Developer/Library/Frameworks",
					"$(inherited)",
				);
				GCC_PREPROCESSOR_DEFINITIONS = (
					"DEBUG=1",
					"$(inherited)",
				);
				INFOPLIST_FILE = "多线程-NSOperationTests/Info.plist";
				LD_RUNPATH_SEARCH_PATHS = "$(inherited) @executable_path/Frameworks @loader_path/Frameworks";
				PRODUCT_NAME = "$(TARGET_NAME)";
				TEST_HOST = "$(BUILT_PRODUCTS_DIR)/多线程-NSOperation.app/多线程-NSOperation";
			};
			name = Debug;
		};
		F0E2A18E1B74546400701482 /* Release */ = {
			isa = XCBuildConfiguration;
			buildSettings = {
				BUNDLE_LOADER = "$(TEST_HOST)";
				FRAMEWORK_SEARCH_PATHS = (
					"$(SDKROOT)/Developer/Library/Frameworks",
					"$(inherited)",
				);
				INFOPLIST_FILE = "多线程-NSOperationTests/Info.plist";
				LD_RUNPATH_SEARCH_PATHS = "$(inherited) @executable_path/Frameworks @loader_path/Frameworks";
				PRODUCT_NAME = "$(TARGET_NAME)";
				TEST_HOST = "$(BUILT_PRODUCTS_DIR)/多线程-NSOperation.app/多线程-NSOperation";
			};
			name = Release;
		};
		F0E2A1B31B78C91600701482 /* Debug */ = {
			isa = XCBuildConfiguration;
			buildSettings = {
				ASSETCATALOG_COMPILER_APPICON_NAME = AppIcon;
				GCC_PREPROCESSOR_DEFINITIONS = (
					"DEBUG=1",
					"$(inherited)",
				);
				INFOPLIST_FILE = "多线程--NSOperationQueue/Info.plist";
				LD_RUNPATH_SEARCH_PATHS = "$(inherited) @executable_path/Frameworks";
				PRODUCT_NAME = "$(TARGET_NAME)";
			};
			name = Debug;
		};
		F0E2A1B41B78C91600701482 /* Release */ = {
			isa = XCBuildConfiguration;
			buildSettings = {
				ASSETCATALOG_COMPILER_APPICON_NAME = AppIcon;
				INFOPLIST_FILE = "多线程--NSOperationQueue/Info.plist";
				LD_RUNPATH_SEARCH_PATHS = "$(inherited) @executable_path/Frameworks";
				PRODUCT_NAME = "$(TARGET_NAME)";
			};
			name = Release;
		};
		F0E2A1B51B78C91600701482 /* Debug */ = {
			isa = XCBuildConfiguration;
			buildSettings = {
				BUNDLE_LOADER = "$(TEST_HOST)";
				FRAMEWORK_SEARCH_PATHS = (
					"$(SDKROOT)/Developer/Library/Frameworks",
					"$(inherited)",
				);
				GCC_PREPROCESSOR_DEFINITIONS = (
					"DEBUG=1",
					"$(inherited)",
				);
				INFOPLIST_FILE = "多线程--NSOperationQueueTests/Info.plist";
				LD_RUNPATH_SEARCH_PATHS = "$(inherited) @executable_path/Frameworks @loader_path/Frameworks";
				PRODUCT_NAME = "$(TARGET_NAME)";
				TEST_HOST = "$(BUILT_PRODUCTS_DIR)/多线程--NSOperationQueue.app/多线程--NSOperationQueue";
			};
			name = Debug;
		};
		F0E2A1B61B78C91600701482 /* Release */ = {
			isa = XCBuildConfiguration;
			buildSettings = {
				BUNDLE_LOADER = "$(TEST_HOST)";
				FRAMEWORK_SEARCH_PATHS = (
					"$(SDKROOT)/Developer/Library/Frameworks",
					"$(inherited)",
				);
				INFOPLIST_FILE = "多线程--NSOperationQueueTests/Info.plist";
				LD_RUNPATH_SEARCH_PATHS = "$(inherited) @executable_path/Frameworks @loader_path/Frameworks";
				PRODUCT_NAME = "$(TARGET_NAME)";
				TEST_HOST = "$(BUILT_PRODUCTS_DIR)/多线程--NSOperationQueue.app/多线程--NSOperationQueue";
			};
			name = Release;
		};
		F0E2A1E11B79230700701482 /* Debug */ = {
			isa = XCBuildConfiguration;
			buildSettings = {
				ASSETCATALOG_COMPILER_APPICON_NAME = AppIcon;
				GCC_PREPROCESSOR_DEFINITIONS = (
					"DEBUG=1",
					"$(inherited)",
				);
				INFOPLIST_FILE = "多线程--NSOperation线程间通信/Info.plist";
				LD_RUNPATH_SEARCH_PATHS = "$(inherited) @executable_path/Frameworks";
				PRODUCT_NAME = "$(TARGET_NAME)";
			};
			name = Debug;
		};
		F0E2A1E21B79230700701482 /* Release */ = {
			isa = XCBuildConfiguration;
			buildSettings = {
				ASSETCATALOG_COMPILER_APPICON_NAME = AppIcon;
				INFOPLIST_FILE = "多线程--NSOperation线程间通信/Info.plist";
				LD_RUNPATH_SEARCH_PATHS = "$(inherited) @executable_path/Frameworks";
				PRODUCT_NAME = "$(TARGET_NAME)";
			};
			name = Release;
		};
		F0E2A1E41B79230700701482 /* Debug */ = {
			isa = XCBuildConfiguration;
			buildSettings = {
				BUNDLE_LOADER = "$(TEST_HOST)";
				FRAMEWORK_SEARCH_PATHS = (
					"$(SDKROOT)/Developer/Library/Frameworks",
					"$(inherited)",
				);
				GCC_PREPROCESSOR_DEFINITIONS = (
					"DEBUG=1",
					"$(inherited)",
				);
				INFOPLIST_FILE = "多线程--NSOperation线程间通信Tests/Info.plist";
				LD_RUNPATH_SEARCH_PATHS = "$(inherited) @executable_path/Frameworks @loader_path/Frameworks";
				PRODUCT_NAME = "$(TARGET_NAME)";
				TEST_HOST = "$(BUILT_PRODUCTS_DIR)/多线程--NSOperation线程间通信.app/多线程--NSOperation线程间通信";
			};
			name = Debug;
		};
		F0E2A1E51B79230700701482 /* Release */ = {
			isa = XCBuildConfiguration;
			buildSettings = {
				BUNDLE_LOADER = "$(TEST_HOST)";
				FRAMEWORK_SEARCH_PATHS = (
					"$(SDKROOT)/Developer/Library/Frameworks",
					"$(inherited)",
				);
				INFOPLIST_FILE = "多线程--NSOperation线程间通信Tests/Info.plist";
				LD_RUNPATH_SEARCH_PATHS = "$(inherited) @executable_path/Frameworks @loader_path/Frameworks";
				PRODUCT_NAME = "$(TARGET_NAME)";
				TEST_HOST = "$(BUILT_PRODUCTS_DIR)/多线程--NSOperation线程间通信.app/多线程--NSOperation线程间通信";
			};
			name = Release;
		};
/* End XCBuildConfiguration section */

/* Begin XCConfigurationList section */
		F07FDFEC1B7B5E3800D3D841 /* Build configuration list for PBXNativeTarget "多线程--多图片下载" */ = {
			isa = XCConfigurationList;
			buildConfigurations = (
				F07FDFE81B7B5E3800D3D841 /* Debug */,
				F07FDFE91B7B5E3800D3D841 /* Release */,
			);
			defaultConfigurationIsVisible = 0;
			defaultConfigurationName = Release;
		};
		F07FDFED1B7B5E3800D3D841 /* Build configuration list for PBXNativeTarget "多线程--多图片下载Tests" */ = {
			isa = XCConfigurationList;
			buildConfigurations = (
				F07FDFEA1B7B5E3800D3D841 /* Debug */,
				F07FDFEB1B7B5E3800D3D841 /* Release */,
			);
			defaultConfigurationIsVisible = 0;
			defaultConfigurationName = Release;
		};
		F0E2A1611B74546400701482 /* Build configuration list for PBXProject "多线程-NSOperation" */ = {
			isa = XCConfigurationList;
			buildConfigurations = (
				F0E2A1871B74546400701482 /* Debug */,
				F0E2A1881B74546400701482 /* Release */,
			);
			defaultConfigurationIsVisible = 0;
			defaultConfigurationName = Release;
		};
		F0E2A1891B74546400701482 /* Build configuration list for PBXNativeTarget "多线程-NSOperation" */ = {
			isa = XCConfigurationList;
			buildConfigurations = (
				F0E2A18A1B74546400701482 /* Debug */,
				F0E2A18B1B74546400701482 /* Release */,
			);
			defaultConfigurationIsVisible = 0;
			defaultConfigurationName = Release;
		};
		F0E2A18C1B74546400701482 /* Build configuration list for PBXNativeTarget "多线程-NSOperationTests" */ = {
			isa = XCConfigurationList;
			buildConfigurations = (
				F0E2A18D1B74546400701482 /* Debug */,
				F0E2A18E1B74546400701482 /* Release */,
			);
			defaultConfigurationIsVisible = 0;
			defaultConfigurationName = Release;
		};
		F0E2A1B71B78C91600701482 /* Build configuration list for PBXNativeTarget "多线程--NSOperationQueue" */ = {
			isa = XCConfigurationList;
			buildConfigurations = (
				F0E2A1B31B78C91600701482 /* Debug */,
				F0E2A1B41B78C91600701482 /* Release */,
			);
			defaultConfigurationIsVisible = 0;
			defaultConfigurationName = Release;
		};
		F0E2A1B81B78C91600701482 /* Build configuration list for PBXNativeTarget "多线程--NSOperationQueueTests" */ = {
			isa = XCConfigurationList;
			buildConfigurations = (
				F0E2A1B51B78C91600701482 /* Debug */,
				F0E2A1B61B78C91600701482 /* Release */,
			);
			defaultConfigurationIsVisible = 0;
			defaultConfigurationName = Release;
		};
		F0E2A1E01B79230700701482 /* Build configuration list for PBXNativeTarget "多线程--NSOperation线程间通信" */ = {
			isa = XCConfigurationList;
			buildConfigurations = (
				F0E2A1E11B79230700701482 /* Debug */,
				F0E2A1E21B79230700701482 /* Release */,
			);
			defaultConfigurationIsVisible = 0;
			defaultConfigurationName = Release;
		};
		F0E2A1E31B79230700701482 /* Build configuration list for PBXNativeTarget "多线程--NSOperation线程间通信Tests" */ = {
			isa = XCConfigurationList;
			buildConfigurations = (
				F0E2A1E41B79230700701482 /* Debug */,
				F0E2A1E51B79230700701482 /* Release */,
			);
			defaultConfigurationIsVisible = 0;
			defaultConfigurationName = Release;
		};
/* End XCConfigurationList section */
	};
	rootObject = F0E2A15E1B74546400701482 /* Project object */;
}
